// !$*UTF8*$!
{
	archiveVersion = 1;
	classes = {
	};
	objectVersion = 56;
	objects = {

/* Begin PBXBuildFile section */
		011E5BBD29572177002B4733 /* AppDelegate.swift in Sources */ = {isa = PBXBuildFile; fileRef = 011E5BBC29572177002B4733 /* AppDelegate.swift */; };
		011E5BBF29572177002B4733 /* SceneDelegate.swift in Sources */ = {isa = PBXBuildFile; fileRef = 011E5BBE29572177002B4733 /* SceneDelegate.swift */; };
		011E5BC429572177002B4733 /* Main.storyboard in Resources */ = {isa = PBXBuildFile; fileRef = 011E5BC229572177002B4733 /* Main.storyboard */; };
		011E5BC62957217A002B4733 /* Assets.xcassets in Resources */ = {isa = PBXBuildFile; fileRef = 011E5BC52957217A002B4733 /* Assets.xcassets */; };
		011E5BC92957217A002B4733 /* LaunchScreen.storyboard in Resources */ = {isa = PBXBuildFile; fileRef = 011E5BC72957217A002B4733 /* LaunchScreen.storyboard */; };
		011E5BF3295722B5002B4733 /* HomeViewController.swift in Sources */ = {isa = PBXBuildFile; fileRef = 011E5BF2295722B5002B4733 /* HomeViewController.swift */; };
		011E5BF82957237A002B4733 /* HomeTableViewCell.swift in Sources */ = {isa = PBXBuildFile; fileRef = 011E5BF62957237A002B4733 /* HomeTableViewCell.swift */; };
		011E5BF92957237A002B4733 /* HomeTableViewCell.xib in Resources */ = {isa = PBXBuildFile; fileRef = 011E5BF72957237A002B4733 /* HomeTableViewCell.xib */; };
		011E5BFB29572554002B4733 /* Section.swift in Sources */ = {isa = PBXBuildFile; fileRef = 011E5BFA29572554002B4733 /* Section.swift */; };
/* End PBXBuildFile section */

/* Begin PBXContainerItemProxy section */
		011E5BD02957217A002B4733 /* PBXContainerItemProxy */ = {
			isa = PBXContainerItemProxy;
			containerPortal = 011E5BB129572177002B4733 /* Project object */;
			proxyType = 1;
			remoteGlobalIDString = 011E5BB829572177002B4733;
			remoteInfo = TableViewCell;
		};
		011E5BDA2957217A002B4733 /* PBXContainerItemProxy */ = {
			isa = PBXContainerItemProxy;
			containerPortal = 011E5BB129572177002B4733 /* Project object */;
			proxyType = 1;
			remoteGlobalIDString = 011E5BB829572177002B4733;
			remoteInfo = TableViewCell;
		};
/* End PBXContainerItemProxy section */

/* Begin PBXFileReference section */
		011E5BB929572177002B4733 /* TableViewCell.app */ = {isa = PBXFileReference; explicitFileType = wrapper.application; includeInIndex = 0; path = TableViewCell.app; sourceTree = BUILT_PRODUCTS_DIR; };
		011E5BBC29572177002B4733 /* AppDelegate.swift */ = {isa = PBXFileReference; lastKnownFileType = sourcecode.swift; path = AppDelegate.swift; sourceTree = "<group>"; };
		011E5BBE29572177002B4733 /* SceneDelegate.swift */ = {isa = PBXFileReference; lastKnownFileType = sourcecode.swift; path = SceneDelegate.swift; sourceTree = "<group>"; };
		011E5BC329572177002B4733 /* Base */ = {isa = PBXFileReference; lastKnownFileType = file.storyboard; name = Base; path = Base.lproj/Main.storyboard; sourceTree = "<group>"; };
		011E5BC52957217A002B4733 /* Assets.xcassets */ = {isa = PBXFileReference; lastKnownFileType = folder.assetcatalog; path = Assets.xcassets; sourceTree = "<group>"; };
		011E5BC82957217A002B4733 /* Base */ = {isa = PBXFileReference; lastKnownFileType = file.storyboard; name = Base; path = Base.lproj/LaunchScreen.storyboard; sourceTree = "<group>"; };
		011E5BCA2957217A002B4733 /* Info.plist */ = {isa = PBXFileReference; lastKnownFileType = text.plist.xml; path = Info.plist; sourceTree = "<group>"; };
		011E5BCF2957217A002B4733 /* TableViewCellTests.xctest */ = {isa = PBXFileReference; explicitFileType = wrapper.cfbundle; includeInIndex = 0; path = TableViewCellTests.xctest; sourceTree = BUILT_PRODUCTS_DIR; };
		011E5BD92957217A002B4733 /* TableViewCellUITests.xctest */ = {isa = PBXFileReference; explicitFileType = wrapper.cfbundle; includeInIndex = 0; path = TableViewCellUITests.xctest; sourceTree = BUILT_PRODUCTS_DIR; };
		011E5BF2295722B5002B4733 /* HomeViewController.swift */ = {isa = PBXFileReference; lastKnownFileType = sourcecode.swift; path = HomeViewController.swift; sourceTree = "<group>"; };
		011E5BF62957237A002B4733 /* HomeTableViewCell.swift */ = {isa = PBXFileReference; lastKnownFileType = sourcecode.swift; path = HomeTableViewCell.swift; sourceTree = "<group>"; };
		011E5BF72957237A002B4733 /* HomeTableViewCell.xib */ = {isa = PBXFileReference; lastKnownFileType = file.xib; path = HomeTableViewCell.xib; sourceTree = "<group>"; };
		011E5BFA29572554002B4733 /* Section.swift */ = {isa = PBXFileReference; lastKnownFileType = sourcecode.swift; path = Section.swift; sourceTree = "<group>"; };
/* End PBXFileReference section */

/* Begin PBXFrameworksBuildPhase section */
		011E5BB629572177002B4733 /* Frameworks */ = {
			isa = PBXFrameworksBuildPhase;
			buildActionMask = 2147483647;
			files = (
			);
			runOnlyForDeploymentPostprocessing = 0;
		};
		011E5BCC2957217A002B4733 /* Frameworks */ = {
			isa = PBXFrameworksBuildPhase;
			buildActionMask = 2147483647;
			files = (
			);
			runOnlyForDeploymentPostprocessing = 0;
		};
		011E5BD62957217A002B4733 /* Frameworks */ = {
			isa = PBXFrameworksBuildPhase;
			buildActionMask = 2147483647;
			files = (
			);
			runOnlyForDeploymentPostprocessing = 0;
		};
/* End PBXFrameworksBuildPhase section */

/* Begin PBXGroup section */
		011E5BB029572177002B4733 = {
			isa = PBXGroup;
			children = (
				011E5BBB29572177002B4733 /* TableViewCell */,
				011E5BBA29572177002B4733 /* Products */,
			);
			sourceTree = "<group>";
		};
		011E5BBA29572177002B4733 /* Products */ = {
			isa = PBXGroup;
			children = (
				011E5BB929572177002B4733 /* TableViewCell.app */,
				011E5BCF2957217A002B4733 /* TableViewCellTests.xctest */,
				011E5BD92957217A002B4733 /* TableViewCellUITests.xctest */,
			);
			name = Products;
			sourceTree = "<group>";
		};
		011E5BBB29572177002B4733 /* TableViewCell */ = {
			isa = PBXGroup;
			children = (
				011E5BF129572207002B4733 /* Helpers */,
				011E5BEE295721C2002B4733 /* Resources */,
				011E5BF0295721F3002B4733 /* Screen */,
				011E5BEC2957218B002B4733 /* MainDelegates */,
				011E5BED295721B2002B4733 /* Modules */,
			);
			path = TableViewCell;
			sourceTree = "<group>";
		};
		011E5BEC2957218B002B4733 /* MainDelegates */ = {
			isa = PBXGroup;
			children = (
				011E5BBC29572177002B4733 /* AppDelegate.swift */,
				011E5BBE29572177002B4733 /* SceneDelegate.swift */,
			);
			path = MainDelegates;
			sourceTree = "<group>";
		};
		011E5BED295721B2002B4733 /* Modules */ = {
			isa = PBXGroup;
			children = (
				011E5BF529572321002B4733 /* TableViewCell */,
				011E5BF4295722C0002B4733 /* Home */,
			);
			path = Modules;
			sourceTree = "<group>";
		};
		011E5BEE295721C2002B4733 /* Resources */ = {
			isa = PBXGroup;
			children = (
				011E5BEF295721CD002B4733 /* Assets */,
			);
			path = Resources;
			sourceTree = "<group>";
		};
		011E5BEF295721CD002B4733 /* Assets */ = {
			isa = PBXGroup;
			children = (
				011E5BC52957217A002B4733 /* Assets.xcassets */,
			);
			path = Assets;
			sourceTree = "<group>";
		};
		011E5BF0295721F3002B4733 /* Screen */ = {
			isa = PBXGroup;
			children = (
				011E5BC229572177002B4733 /* Main.storyboard */,
				011E5BC72957217A002B4733 /* LaunchScreen.storyboard */,
			);
			path = Screen;
			sourceTree = "<group>";
		};
		011E5BF129572207002B4733 /* Helpers */ = {
			isa = PBXGroup;
			children = (
				011E5BCA2957217A002B4733 /* Info.plist */,
			);
			path = Helpers;
			sourceTree = "<group>";
		};
		011E5BF4295722C0002B4733 /* Home */ = {
			isa = PBXGroup;
			children = (
				011E5BF2295722B5002B4733 /* HomeViewController.swift */,
			);
			path = Home;
			sourceTree = "<group>";
		};
		011E5BF529572321002B4733 /* TableViewCell */ = {
			isa = PBXGroup;
			children = (
				011E5BF62957237A002B4733 /* HomeTableViewCell.swift */,
				011E5BF72957237A002B4733 /* HomeTableViewCell.xib */,
				011E5BFA29572554002B4733 /* Section.swift */,
			);
			path = TableViewCell;
			sourceTree = "<group>";
		};
/* End PBXGroup section */

/* Begin PBXNativeTarget section */
		011E5BB829572177002B4733 /* TableViewCell */ = {
			isa = PBXNativeTarget;
			buildConfigurationList = 011E5BE32957217A002B4733 /* Build configuration list for PBXNativeTarget "TableViewCell" */;
			buildPhases = (
				011E5BB529572177002B4733 /* Sources */,
				011E5BB629572177002B4733 /* Frameworks */,
				011E5BB729572177002B4733 /* Resources */,
			);
			buildRules = (
			);
			dependencies = (
			);
			name = TableViewCell;
			productName = TableViewCell;
			productReference = 011E5BB929572177002B4733 /* TableViewCell.app */;
			productType = "com.apple.product-type.application";
		};
		011E5BCE2957217A002B4733 /* TableViewCellTests */ = {
			isa = PBXNativeTarget;
			buildConfigurationList = 011E5BE62957217A002B4733 /* Build configuration list for PBXNativeTarget "TableViewCellTests" */;
			buildPhases = (
				011E5BCB2957217A002B4733 /* Sources */,
				011E5BCC2957217A002B4733 /* Frameworks */,
				011E5BCD2957217A002B4733 /* Resources */,
			);
			buildRules = (
			);
			dependencies = (
				011E5BD12957217A002B4733 /* PBXTargetDependency */,
			);
			name = TableViewCellTests;
			productName = TableViewCellTests;
			productReference = 011E5BCF2957217A002B4733 /* TableViewCellTests.xctest */;
			productType = "com.apple.product-type.bundle.unit-test";
		};
		011E5BD82957217A002B4733 /* TableViewCellUITests */ = {
			isa = PBXNativeTarget;
			buildConfigurationList = 011E5BE92957217A002B4733 /* Build configuration list for PBXNativeTarget "TableViewCellUITests" */;
			buildPhases = (
				011E5BD52957217A002B4733 /* Sources */,
				011E5BD62957217A002B4733 /* Frameworks */,
				011E5BD72957217A002B4733 /* Resources */,
			);
			buildRules = (
			);
			dependencies = (
				011E5BDB2957217A002B4733 /* PBXTargetDependency */,
			);
			name = TableViewCellUITests;
			productName = TableViewCellUITests;
			productReference = 011E5BD92957217A002B4733 /* TableViewCellUITests.xctest */;
			productType = "com.apple.product-type.bundle.ui-testing";
		};
/* End PBXNativeTarget section */

/* Begin PBXProject section */
		011E5BB129572177002B4733 /* Project object */ = {
			isa = PBXProject;
			attributes = {
				BuildIndependentTargetsInParallel = 1;
				LastSwiftUpdateCheck = 1410;
				LastUpgradeCheck = 1410;
				TargetAttributes = {
					011E5BB829572177002B4733 = {
						CreatedOnToolsVersion = 14.1;
					};
					011E5BCE2957217A002B4733 = {
						CreatedOnToolsVersion = 14.1;
						TestTargetID = 011E5BB829572177002B4733;
					};
					011E5BD82957217A002B4733 = {
						CreatedOnToolsVersion = 14.1;
						TestTargetID = 011E5BB829572177002B4733;
					};
				};
			};
			buildConfigurationList = 011E5BB429572177002B4733 /* Build configuration list for PBXProject "TableViewCell" */;
			compatibilityVersion = "Xcode 14.0";
			developmentRegion = en;
			hasScannedForEncodings = 0;
			knownRegions = (
				en,
				Base,
			);
			mainGroup = 011E5BB029572177002B4733;
			productRefGroup = 011E5BBA29572177002B4733 /* Products */;
			projectDirPath = "";
			projectRoot = "";
			targets = (
				011E5BB829572177002B4733 /* TableViewCell */,
				011E5BCE2957217A002B4733 /* TableViewCellTests */,
				011E5BD82957217A002B4733 /* TableViewCellUITests */,
			);
		};
/* End PBXProject section */

/* Begin PBXResourcesBuildPhase section */
		011E5BB729572177002B4733 /* Resources */ = {
			isa = PBXResourcesBuildPhase;
			buildActionMask = 2147483647;
			files = (
				011E5BC92957217A002B4733 /* LaunchScreen.storyboard in Resources */,
				011E5BC62957217A002B4733 /* Assets.xcassets in Resources */,
				011E5BF92957237A002B4733 /* HomeTableViewCell.xib in Resources */,
				011E5BC429572177002B4733 /* Main.storyboard in Resources */,
			);
			runOnlyForDeploymentPostprocessing = 0;
		};
		011E5BCD2957217A002B4733 /* Resources */ = {
			isa = PBXResourcesBuildPhase;
			buildActionMask = 2147483647;
			files = (
			);
			runOnlyForDeploymentPostprocessing = 0;
		};
		011E5BD72957217A002B4733 /* Resources */ = {
			isa = PBXResourcesBuildPhase;
			buildActionMask = 2147483647;
			files = (
			);
			runOnlyForDeploymentPostprocessing = 0;
		};
/* End PBXResourcesBuildPhase section */

/* Begin PBXSourcesBuildPhase section */
		011E5BB529572177002B4733 /* Sources */ = {
			isa = PBXSourcesBuildPhase;
			buildActionMask = 2147483647;
			files = (
				011E5BFB29572554002B4733 /* Section.swift in Sources */,
				011E5BBD29572177002B4733 /* AppDelegate.swift in Sources */,
				011E5BBF29572177002B4733 /* SceneDelegate.swift in Sources */,
				011E5BF82957237A002B4733 /* HomeTableViewCell.swift in Sources */,
				011E5BF3295722B5002B4733 /* HomeViewController.swift in Sources */,
			);
			runOnlyForDeploymentPostprocessing = 0;
		};
		011E5BCB2957217A002B4733 /* Sources */ = {
			isa = PBXSourcesBuildPhase;
			buildActionMask = 2147483647;
			files = (
			);
			runOnlyForDeploymentPostprocessing = 0;
		};
		011E5BD52957217A002B4733 /* Sources */ = {
			isa = PBXSourcesBuildPhase;
			buildActionMask = 2147483647;
			files = (
			);
			runOnlyForDeploymentPostprocessing = 0;
		};
/* End PBXSourcesBuildPhase section */

/* Begin PBXTargetDependency section */
		011E5BD12957217A002B4733 /* PBXTargetDependency */ = {
			isa = PBXTargetDependency;
			target = 011E5BB829572177002B4733 /* TableViewCell */;
			targetProxy = 011E5BD02957217A002B4733 /* PBXContainerItemProxy */;
		};
		011E5BDB2957217A002B4733 /* PBXTargetDependency */ = {
			isa = PBXTargetDependency;
			target = 011E5BB829572177002B4733 /* TableViewCell */;
			targetProxy = 011E5BDA2957217A002B4733 /* PBXContainerItemProxy */;
		};
/* End PBXTargetDependency section */

/* Begin PBXVariantGroup section */
		011E5BC229572177002B4733 /* Main.storyboard */ = {
			isa = PBXVariantGroup;
			children = (
				011E5BC329572177002B4733 /* Base */,
			);
			name = Main.storyboard;
			sourceTree = "<group>";
		};
		011E5BC72957217A002B4733 /* LaunchScreen.storyboard */ = {
			isa = PBXVariantGroup;
			children = (
				011E5BC82957217A002B4733 /* Base */,
			);
			name = LaunchScreen.storyboard;
			sourceTree = "<group>";
		};
/* End PBXVariantGroup section */

/* Begin XCBuildConfiguration section */
		011E5BE12957217A002B4733 /* Debug */ = {
			isa = XCBuildConfiguration;
			buildSettings = {
				ALWAYS_SEARCH_USER_PATHS = NO;
				CLANG_ANALYZER_NONNULL = YES;
				CLANG_ANALYZER_NUMBER_OBJECT_CONVERSION = YES_AGGRESSIVE;
				CLANG_CXX_LANGUAGE_STANDARD = "gnu++20";
				CLANG_ENABLE_MODULES = YES;
				CLANG_ENABLE_OBJC_ARC = YES;
				CLANG_ENABLE_OBJC_WEAK = YES;
				CLANG_WARN_BLOCK_CAPTURE_AUTORELEASING = YES;
				CLANG_WARN_BOOL_CONVERSION = YES;
				CLANG_WARN_COMMA = YES;
				CLANG_WARN_CONSTANT_CONVERSION = YES;
				CLANG_WARN_DEPRECATED_OBJC_IMPLEMENTATIONS = YES;
				CLANG_WARN_DIRECT_OBJC_ISA_USAGE = YES_ERROR;
				CLANG_WARN_DOCUMENTATION_COMMENTS = YES;
				CLANG_WARN_EMPTY_BODY = YES;
				CLANG_WARN_ENUM_CONVERSION = YES;
				CLANG_WARN_INFINITE_RECURSION = YES;
				CLANG_WARN_INT_CONVERSION = YES;
				CLANG_WARN_NON_LITERAL_NULL_CONVERSION = YES;
				CLANG_WARN_OBJC_IMPLICIT_RETAIN_SELF = YES;
				CLANG_WARN_OBJC_LITERAL_CONVERSION = YES;
				CLANG_WARN_OBJC_ROOT_CLASS = YES_ERROR;
				CLANG_WARN_QUOTED_INCLUDE_IN_FRAMEWORK_HEADER = YES;
				CLANG_WARN_RANGE_LOOP_ANALYSIS = YES;
				CLANG_WARN_STRICT_PROTOTYPES = YES;
				CLANG_WARN_SUSPICIOUS_MOVE = YES;
				CLANG_WARN_UNGUARDED_AVAILABILITY = YES_AGGRESSIVE;
				CLANG_WARN_UNREACHABLE_CODE = YES;
				CLANG_WARN__DUPLICATE_METHOD_MATCH = YES;
				COPY_PHASE_STRIP = NO;
				DEBUG_INFORMATION_FORMAT = dwarf;
				ENABLE_STRICT_OBJC_MSGSEND = YES;
				ENABLE_TESTABILITY = YES;
				GCC_C_LANGUAGE_STANDARD = gnu11;
				GCC_DYNAMIC_NO_PIC = NO;
				GCC_NO_COMMON_BLOCKS = YES;
				GCC_OPTIMIZATION_LEVEL = 0;
				GCC_PREPROCESSOR_DEFINITIONS = (
					"DEBUG=1",
					"$(inherited)",
				);
				GCC_WARN_64_TO_32_BIT_CONVERSION = YES;
				GCC_WARN_ABOUT_RETURN_TYPE = YES_ERROR;
				GCC_WARN_UNDECLARED_SELECTOR = YES;
				GCC_WARN_UNINITIALIZED_AUTOS = YES_AGGRESSIVE;
				GCC_WARN_UNUSED_FUNCTION = YES;
				GCC_WARN_UNUSED_VARIABLE = YES;
				IPHONEOS_DEPLOYMENT_TARGET = 16.1;
				MTL_ENABLE_DEBUG_INFO = INCLUDE_SOURCE;
				MTL_FAST_MATH = YES;
				ONLY_ACTIVE_ARCH = YES;
				SDKROOT = iphoneos;
				SWIFT_ACTIVE_COMPILATION_CONDITIONS = DEBUG;
				SWIFT_OPTIMIZATION_LEVEL = "-Onone";
			};
			name = Debug;
		};
		011E5BE22957217A002B4733 /* Release */ = {
			isa = XCBuildConfiguration;
			buildSettings = {
				ALWAYS_SEARCH_USER_PATHS = NO;
				CLANG_ANALYZER_NONNULL = YES;
				CLANG_ANALYZER_NUMBER_OBJECT_CONVERSION = YES_AGGRESSIVE;
				CLANG_CXX_LANGUAGE_STANDARD = "gnu++20";
				CLANG_ENABLE_MODULES = YES;
				CLANG_ENABLE_OBJC_ARC = YES;
				CLANG_ENABLE_OBJC_WEAK = YES;
				CLANG_WARN_BLOCK_CAPTURE_AUTORELEASING = YES;
				CLANG_WARN_BOOL_CONVERSION = YES;
				CLANG_WARN_COMMA = YES;
				CLANG_WARN_CONSTANT_CONVERSION = YES;
				CLANG_WARN_DEPRECATED_OBJC_IMPLEMENTATIONS = YES;
				CLANG_WARN_DIRECT_OBJC_ISA_USAGE = YES_ERROR;
				CLANG_WARN_DOCUMENTATION_COMMENTS = YES;
				CLANG_WARN_EMPTY_BODY = YES;
				CLANG_WARN_ENUM_CONVERSION = YES;
				CLANG_WARN_INFINITE_RECURSION = YES;
				CLANG_WARN_INT_CONVERSION = YES;
				CLANG_WARN_NON_LITERAL_NULL_CONVERSION = YES;
				CLANG_WARN_OBJC_IMPLICIT_RETAIN_SELF = YES;
				CLANG_WARN_OBJC_LITERAL_CONVERSION = YES;
				CLANG_WARN_OBJC_ROOT_CLASS = YES_ERROR;
				CLANG_WARN_QUOTED_INCLUDE_IN_FRAMEWORK_HEADER = YES;
				CLANG_WARN_RANGE_LOOP_ANALYSIS = YES;
				CLANG_WARN_STRICT_PROTOTYPES = YES;
				CLANG_WARN_SUSPICIOUS_MOVE = YES;
				CLANG_WARN_UNGUARDED_AVAILABILITY = YES_AGGRESSIVE;
				CLANG_WARN_UNREACHABLE_CODE = YES;
				CLANG_WARN__DUPLICATE_METHOD_MATCH = YES;
				COPY_PHASE_STRIP = NO;
				DEBUG_INFORMATION_FORMAT = "dwarf-with-dsym";
				ENABLE_NS_ASSERTIONS = NO;
				ENABLE_STRICT_OBJC_MSGSEND = YES;
				GCC_C_LANGUAGE_STANDARD = gnu11;
				GCC_NO_COMMON_BLOCKS = YES;
				GCC_WARN_64_TO_32_BIT_CONVERSION = YES;
				GCC_WARN_ABOUT_RETURN_TYPE = YES_ERROR;
				GCC_WARN_UNDECLARED_SELECTOR = YES;
				GCC_WARN_UNINITIALIZED_AUTOS = YES_AGGRESSIVE;
				GCC_WARN_UNUSED_FUNCTION = YES;
				GCC_WARN_UNUSED_VARIABLE = YES;
				IPHONEOS_DEPLOYMENT_TARGET = 16.1;
				MTL_ENABLE_DEBUG_INFO = NO;
				MTL_FAST_MATH = YES;
				SDKROOT = iphoneos;
				SWIFT_COMPILATION_MODE = wholemodule;
				SWIFT_OPTIMIZATION_LEVEL = "-O";
				VALIDATE_PRODUCT = YES;
			};
			name = Release;
		};
		011E5BE42957217A002B4733 /* Debug */ = {
			isa = XCBuildConfiguration;
			buildSettings = {
				ASSETCATALOG_COMPILER_APPICON_NAME = AppIcon;
				ASSETCATALOG_COMPILER_GLOBAL_ACCENT_COLOR_NAME = AccentColor;
				CODE_SIGN_STYLE = Automatic;
				CURRENT_PROJECT_VERSION = 1;
				GENERATE_INFOPLIST_FILE = YES;
				INFOPLIST_FILE = TableViewCell/Helpers/Info.plist;
				INFOPLIST_KEY_UIApplicationSupportsIndirectInputEvents = YES;
				INFOPLIST_KEY_UILaunchStoryboardName = LaunchScreen;
				INFOPLIST_KEY_UIMainStoryboardFile = Main;
				INFOPLIST_KEY_UISupportedInterfaceOrientations_iPad = "UIInterfaceOrientationPortrait UIInterfaceOrientationPortraitUpsideDown UIInterfaceOrientationLandscapeLeft UIInterfaceOrientationLandscapeRight";
				INFOPLIST_KEY_UISupportedInterfaceOrientations_iPhone = "UIInterfaceOrientationPortrait UIInterfaceOrientationLandscapeLeft UIInterfaceOrientationLandscapeRight";
				LD_RUNPATH_SEARCH_PATHS = (
					"$(inherited)",
					"@executable_path/Frameworks",
				);
				MARKETING_VERSION = 1.0;
				PRODUCT_BUNDLE_IDENTIFIER = YBurak.Elkan.TableViewCell;
				PRODUCT_NAME = "$(TARGET_NAME)";
				SUPPORTED_PLATFORMS = "iphoneos iphonesimulator";
				SUPPORTS_MACCATALYST = NO;
				SUPPORTS_MAC_DESIGNED_FOR_IPHONE_IPAD = NO;
				SWIFT_EMIT_LOC_STRINGS = YES;
				SWIFT_VERSION = 5.0;
				TARGETED_DEVICE_FAMILY = 1;
			};
			name = Debug;
		};
		011E5BE52957217A002B4733 /* Release */ = {
			isa = XCBuildConfiguration;
			buildSettings = {
				ASSETCATALOG_COMPILER_APPICON_NAME = AppIcon;
				ASSETCATALOG_COMPILER_GLOBAL_ACCENT_COLOR_NAME = AccentColor;
				CODE_SIGN_STYLE = Automatic;
				CURRENT_PROJECT_VERSION = 1;
				GENERATE_INFOPLIST_FILE = YES;
				INFOPLIST_FILE = TableViewCell/Helpers/Info.plist;
				INFOPLIST_KEY_UIApplicationSupportsIndirectInputEvents = YES;
				INFOPLIST_KEY_UILaunchStoryboardName = LaunchScreen;
				INFOPLIST_KEY_UIMainStoryboardFile = Main;
				INFOPLIST_KEY_UISupportedInterfaceOrientations_iPad = "UIInterfaceOrientationPortrait UIInterfaceOrientationPortraitUpsideDown UIInterfaceOrientationLandscapeLeft UIInterfaceOrientationLandscapeRight";
				INFOPLIST_KEY_UISupportedInterfaceOrientations_iPhone = "UIInterfaceOrientationPortrait UIInterfaceOrientationLandscapeLeft UIInterfaceOrientationLandscapeRight";
				LD_RUNPATH_SEARCH_PATHS = (
					"$(inherited)",
					"@executable_path/Frameworks",
				);
				MARKETING_VERSION = 1.0;
				PRODUCT_BUNDLE_IDENTIFIER = YBurak.Elkan.TableViewCell;
				PRODUCT_NAME = "$(TARGET_NAME)";
				SUPPORTED_PLATFORMS = "iphoneos iphonesimulator";
				SUPPORTS_MACCATALYST = NO;
				SUPPORTS_MAC_DESIGNED_FOR_IPHONE_IPAD = NO;
				SWIFT_EMIT_LOC_STRINGS = YES;
				SWIFT_VERSION = 5.0;
				TARGETED_DEVICE_FAMILY = 1;
			};
			name = Release;
		};
		011E5BE72957217A002B4733 /* Debug */ = {
			isa = XCBuildConfiguration;
			buildSettings = {
				ALWAYS_EMBED_SWIFT_STANDARD_LIBRARIES = YES;
				BUNDLE_LOADER = "$(TEST_HOST)";
				CODE_SIGN_STYLE = Automatic;
				CURRENT_PROJECT_VERSION = 1;
				GENERATE_INFOPLIST_FILE = YES;
				IPHONEOS_DEPLOYMENT_TARGET = 16.1;
				MARKETING_VERSION = 1.0;
				PRODUCT_BUNDLE_IDENTIFIER = YBurak.Elkan.TableViewCellTests;
				PRODUCT_NAME = "$(TARGET_NAME)";
				SWIFT_EMIT_LOC_STRINGS = NO;
				SWIFT_VERSION = 5.0;
				TARGETED_DEVICE_FAMILY = "1,2";
				TEST_HOST = "$(BUILT_PRODUCTS_DIR)/TableViewCell.app/$(BUNDLE_EXECUTABLE_FOLDER_PATH)/TableViewCell";
			};
			name = Debug;
		};
		011E5BE82957217A002B4733 /* Release */ = {
			isa = XCBuildConfiguration;
			buildSettings = {
				ALWAYS_EMBED_SWIFT_STANDARD_LIBRARIES = YES;
				BUNDLE_LOADER = "$(TEST_HOST)";
				CODE_SIGN_STYLE = Automatic;
				CURRENT_PROJECT_VERSION = 1;
				GENERATE_INFOPLIST_FILE = YES;
				IPHONEOS_DEPLOYMENT_TARGET = 16.1;
				MARKETING_VERSION = 1.0;
				PRODUCT_BUNDLE_IDENTIFIER = YBurak.Elkan.TableViewCellTests;
				PRODUCT_NAME = "$(TARGET_NAME)";
				SWIFT_EMIT_LOC_STRINGS = NO;
				SWIFT_VERSION = 5.0;
				TARGETED_DEVICE_FAMILY = "1,2";
				TEST_HOST = "$(BUILT_PRODUCTS_DIR)/TableViewCell.app/$(BUNDLE_EXECUTABLE_FOLDER_PATH)/TableViewCell";
			};
			name = Release;
		};
		011E5BEA2957217A002B4733 /* Debug */ = {
			isa = XCBuildConfiguration;
			buildSettings = {
				ALWAYS_EMBED_SWIFT_STANDARD_LIBRARIES = YES;
				CODE_SIGN_STYLE = Automatic;
				CURRENT_PROJECT_VERSION = 1;
				GENERATE_INFOPLIST_FILE = YES;
				MARKETING_VERSION = 1.0;
				PRODUCT_BUNDLE_IDENTIFIER = YBurak.Elkan.TableViewCellUITests;
				PRODUCT_NAME = "$(TARGET_NAME)";
				SWIFT_EMIT_LOC_STRINGS = NO;
				SWIFT_VERSION = 5.0;
				TARGETED_DEVICE_FAMILY = "1,2";
				TEST_TARGET_NAME = TableViewCell;
			};
			name = Debug;
		};
		011E5BEB2957217A002B4733 /* Release */ = {
			isa = XCBuildConfiguration;
			buildSettings = {
				ALWAYS_EMBED_SWIFT_STANDARD_LIBRARIES = YES;
				CODE_SIGN_STYLE = Automatic;
				CURRENT_PROJECT_VERSION = 1;
				GENERATE_INFOPLIST_FILE = YES;
				MARKETING_VERSION = 1.0;
				PRODUCT_BUNDLE_IDENTIFIER = YBurak.Elkan.TableViewCellUITests;
				PRODUCT_NAME = "$(TARGET_NAME)";
				SWIFT_EMIT_LOC_STRINGS = NO;
				SWIFT_VERSION = 5.0;
				TARGETED_DEVICE_FAMILY = "1,2";
				TEST_TARGET_NAME = TableViewCell;
			};
			name = Release;
		};
/* End XCBuildConfiguration section */

/* Begin XCConfigurationList section */
		011E5BB429572177002B4733 /* Build configuration list for PBXProject "TableViewCell" */ = {
			isa = XCConfigurationList;
			buildConfigurations = (
				011E5BE12957217A002B4733 /* Debug */,
				011E5BE22957217A002B4733 /* Release */,
			);
			defaultConfigurationIsVisible = 0;
			defaultConfigurationName = Release;
		};
		011E5BE32957217A002B4733 /* Build configuration list for PBXNativeTarget "TableViewCell" */ = {
			isa = XCConfigurationList;
			buildConfigurations = (
				011E5BE42957217A002B4733 /* Debug */,
				011E5BE52957217A002B4733 /* Release */,
			);
			defaultConfigurationIsVisible = 0;
			defaultConfigurationName = Release;
		};
		011E5BE62957217A002B4733 /* Build configuration list for PBXNativeTarget "TableViewCellTests" */ = {
			isa = XCConfigurationList;
			buildConfigurations = (
				011E5BE72957217A002B4733 /* Debug */,
				011E5BE82957217A002B4733 /* Release */,
			);
			defaultConfigurationIsVisible = 0;
			defaultConfigurationName = Release;
		};
		011E5BE92957217A002B4733 /* Build configuration list for PBXNativeTarget "TableViewCellUITests" */ = {
			isa = XCConfigurationList;
			buildConfigurations = (
				011E5BEA2957217A002B4733 /* Debug */,
				011E5BEB2957217A002B4733 /* Release */,
			);
			defaultConfigurationIsVisible = 0;
			defaultConfigurationName = Release;
		};
/* End XCConfigurationList section */
	};
	rootObject = 011E5BB129572177002B4733 /* Project object */;
}
